
Microsoft Visual Studio Solution File, Format Version 12.00
# Visual Studio Version 16
VisualStudioVersion = 16.0.28803.352
MinimumVisualStudioVersion = 10.0.40219.1
Project("{FAE04EC0-301F-11D3-BF4B-00C04F79EFBC}") = "api-ciscocdr", "api-ciscocdr\api-ciscocdr.csproj", "{A7F63415-3783-4071-8223-63B5833A347D}"
EndProject
Global
	GlobalSection(SolutionConfigurationPlatforms) = preSolution
		Debug|Any CPU = Debug|Any CPU
		Release|Any CPU = Release|Any CPU
	EndGlobalSection
	GlobalSection(ProjectConfigurationPlatforms) = postSolution
		{A7F63415-3783-4071-8223-63B5833A347D}.Debug|Any CPU.ActiveCfg = Debug|Any CPU
		{A7F63415-3783-4071-8223-63B5833A347D}.Debug|Any CPU.Build.0 = Debug|Any CPU
		{A7F63415-3783-4071-8223-63B5833A347D}.Release|Any CPU.ActiveCfg = Release|Any CPU
		{A7F63415-3783-4071-8223-63B5833A347D}.Release|Any CPU.Build.0 = Release|Any CPU
	EndGlobalSection
	GlobalSection(SolutionProperties) = preSolution
		HideSolutionNode = FALSE
	EndGlobalSection
	GlobalSection(ExtensibilityGlobals) = postSolution
		SolutionGuid = {628BDF8D-14DB-499B-BDD2-77E8177C301A}
	EndGlobalSection
EndGlobal
